github.com/go-widgets/toolkit v0.0.0-20260701142922-494afe130e36 h1:5cPzLrupvSdTz1T5FrUvMlA+Is8tFbyLpOTRAuBNk7M=
github.com/go-widgets/toolkit v0.0.0-20260701142922-494afe130e36/go.mod h1:iQoXD6OJxzhKr9TmfcA5rNgEByqpaOLG5Ib9gCNaijk=
github.com/go-widgets/toolkit v0.0.0-20260701143439-2e9982e0c114 h1:3u09UEBH3aqB+aPhFk2jRGxcNHK6ptlDpYwX5+E/vY0=
github.com/go-widgets/toolkit v0.0.0-20260701143439-2e9982e0c114/go.mod h1:iQoXD6OJxzhKr9TmfcA5rNgEByqpaOLG5Ib9gCNaijk=
